
Microsoft Visual Studio Solution File, Format Version 12.00
# Visual Studio Version 16
VisualStudioVersion = 16.0.30225.117
MinimumVisualStudioVersion = 10.0.40219.1
Project("{FAE04EC0-301F-11D3-BF4B-00C04F79EFBC}") = "SistemasVirtuales", "SistemasVirtuales.csproj", "{3F00FCA1-7157-4A90-ADCF-A48D57AE028C}"
EndProject
Global
	GlobalSection(SolutionConfigurationPlatforms) = preSolution
		Debug|Any CPU = Debug|Any CPU
		Release|Any CPU = Release|Any CPU
	EndGlobalSection
	GlobalSection(ProjectConfigurationPlatforms) = postSolution
		{3F00FCA1-7157-4A90-ADCF-A48D57AE028C}.Debug|Any CPU.ActiveCfg = Debug|Any CPU
		{3F00FCA1-7157-4A90-ADCF-A48D57AE028C}.Debug|Any CPU.Build.0 = Debug|Any CPU
		{3F00FCA1-7157-4A90-ADCF-A48D57AE028C}.Release|Any CPU.ActiveCfg = Release|Any CPU
		{3F00FCA1-7157-4A90-ADCF-A48D57AE028C}.Release|Any CPU.Build.0 = Release|Any CPU
	EndGlobalSection
	GlobalSection(SolutionProperties) = preSolution
		HideSolutionNode = FALSE
	EndGlobalSection
	GlobalSection(ExtensibilityGlobals) = postSolution
		SolutionGuid = {0E292DDC-2FBE-4337-86F8-FB3DECD5B631}
	EndGlobalSection
EndGlobal
